
Microsoft Visual Studio Solution File, Format Version 12.00
# Visual Studio Version 17
VisualStudioVersion = 17.5.002.0
MinimumVisualStudioVersion = 10.0.40219.1
Project("{9A19103F-16F7-4668-BE54-9A1E7A4F7556}") = "PIM_IV_Web", "PIM_IV_Web.csproj", "{C16879C9-90D3-4832-9AED-45DB61FA66EF}"
EndProject
Global
	GlobalSection(SolutionConfigurationPlatforms) = preSolution
		Debug|Any CPU = Debug|Any CPU
		Release|Any CPU = Release|Any CPU
	EndGlobalSection
	GlobalSection(ProjectConfigurationPlatforms) = postSolution
		{C16879C9-90D3-4832-9AED-45DB61FA66EF}.Debug|Any CPU.ActiveCfg = Debug|Any CPU
		{C16879C9-90D3-4832-9AED-45DB61FA66EF}.Debug|Any CPU.Build.0 = Debug|Any CPU
		{C16879C9-90D3-4832-9AED-45DB61FA66EF}.Release|Any CPU.ActiveCfg = Release|Any CPU
		{C16879C9-90D3-4832-9AED-45DB61FA66EF}.Release|Any CPU.Build.0 = Release|Any CPU
	EndGlobalSection
	GlobalSection(SolutionProperties) = preSolution
		HideSolutionNode = FALSE
	EndGlobalSection
	GlobalSection(ExtensibilityGlobals) = postSolution
		SolutionGuid = {2E533C36-854B-4F11-8840-99E2F8AFEF77}
	EndGlobalSection
EndGlobal
